
Microsoft Visual Studio Solution File, Format Version 12.00
# Visual Studio Version 16
VisualStudioVersion = 16.0.29424.173
MinimumVisualStudioVersion = 10.0.40219.1
Project("{9A19103F-16F7-4668-BE54-9A1E7A4F7556}") = "FirstEx", "FirstEx\FirstEx.csproj", "{B464E6C9-D8AF-4EFD-A2E8-7A3F62F740A7}"
EndProject
Project("{9A19103F-16F7-4668-BE54-9A1E7A4F7556}") = "Ex2", "Ex2\Ex2.csproj", "{4B3E33EB-3E74-4764-ACA8-384D82CB44E6}"
EndProject
Project("{9A19103F-16F7-4668-BE54-9A1E7A4F7556}") = "Ex3", "Ex3\Ex3.csproj", "{6E60CE05-DC79-4AD1-A4F4-D70E5B040CE0}"
EndProject
Project("{9A19103F-16F7-4668-BE54-9A1E7A4F7556}") = "Ex4", "Ex4\Ex4.csproj", "{5541CB75-EF84-4F20-BD65-24FD1DC15422}"
EndProject
Project("{9A19103F-16F7-4668-BE54-9A1E7A4F7556}") = "Ex5", "Ex5\Ex5.csproj", "{7E4578D1-9543-4D06-A427-A0DE3E4CEE55}"
EndProject
Project("{9A19103F-16F7-4668-BE54-9A1E7A4F7556}") = "Ex7", "Ex7\Ex7.csproj", "{F35FB0F5-803C-419C-9924-39B98DF021E5}"
EndProject
Project("{9A19103F-16F7-4668-BE54-9A1E7A4F7556}") = "Ex8", "Ex8\Ex8.csproj", "{69C83D79-27C0-4D9E-9526-4A8665F14DB2}"
EndProject
Project("{9A19103F-16F7-4668-BE54-9A1E7A4F7556}") = "Ex9", "Ex9\Ex9.csproj", "{F4C9067F-2FC2-4080-AE8F-FD528BC56557}"
EndProject
Project("{9A19103F-16F7-4668-BE54-9A1E7A4F7556}") = "Ex11", "Ex11\Ex11.csproj", "{23D7B6CF-D8FF-4D6A-A3FE-5D36000601F3}"
EndProject
Project("{FAE04EC0-301F-11D3-BF4B-00C04F79EFBC}") = "Ex6", "Ex6\Ex6.csproj", "{5D4B9716-0F78-4B2C-ACE8-2E784AF0C905}"
EndProject
Project("{FAE04EC0-301F-11D3-BF4B-00C04F79EFBC}") = "Ex10", "Ex10\Ex10.csproj", "{E98B3F06-CB87-419B-A465-1C591BC9767B}"
EndProject
Project("{FAE04EC0-301F-11D3-BF4B-00C04F79EFBC}") = "Ex12", "Ex12\Ex12.csproj", "{89F328E1-D87E-44A7-B879-8C093BE49356}"
EndProject
Project("{FAE04EC0-301F-11D3-BF4B-00C04F79EFBC}") = "Ex13", "Ex13\Ex13.csproj", "{83D69DEB-A33C-47CA-9FFD-C31210BB186C}"
EndProject
Global
	GlobalSection(SolutionConfigurationPlatforms) = preSolution
		Debug|Any CPU = Debug|Any CPU
		Release|Any CPU = Release|Any CPU
	EndGlobalSection
	GlobalSection(ProjectConfigurationPlatforms) = postSolution
		{B464E6C9-D8AF-4EFD-A2E8-7A3F62F740A7}.Debug|Any CPU.ActiveCfg = Debug|Any CPU
		{B464E6C9-D8AF-4EFD-A2E8-7A3F62F740A7}.Debug|Any CPU.Build.0 = Debug|Any CPU
		{B464E6C9-D8AF-4EFD-A2E8-7A3F62F740A7}.Release|Any CPU.ActiveCfg = Release|Any CPU
		{B464E6C9-D8AF-4EFD-A2E8-7A3F62F740A7}.Release|Any CPU.Build.0 = Release|Any CPU
		{4B3E33EB-3E74-4764-ACA8-384D82CB44E6}.Debug|Any CPU.ActiveCfg = Debug|Any CPU
		{4B3E33EB-3E74-4764-ACA8-384D82CB44E6}.Debug|Any CPU.Build.0 = Debug|Any CPU
		{4B3E33EB-3E74-4764-ACA8-384D82CB44E6}.Release|Any CPU.ActiveCfg = Release|Any CPU
		{4B3E33EB-3E74-4764-ACA8-384D82CB44E6}.Release|Any CPU.Build.0 = Release|Any CPU
		{6E60CE05-DC79-4AD1-A4F4-D70E5B040CE0}.Debug|Any CPU.ActiveCfg = Debug|Any CPU
		{6E60CE05-DC79-4AD1-A4F4-D70E5B040CE0}.Debug|Any CPU.Build.0 = Debug|Any CPU
		{6E60CE05-DC79-4AD1-A4F4-D70E5B040CE0}.Release|Any CPU.ActiveCfg = Release|Any CPU
		{6E60CE05-DC79-4AD1-A4F4-D70E5B040CE0}.Release|Any CPU.Build.0 = Release|Any CPU
		{5541CB75-EF84-4F20-BD65-24FD1DC15422}.Debug|Any CPU.ActiveCfg = Debug|Any CPU
		{5541CB75-EF84-4F20-BD65-24FD1DC15422}.Debug|Any CPU.Build.0 = Debug|Any CPU
		{5541CB75-EF84-4F20-BD65-24FD1DC15422}.Release|Any CPU.ActiveCfg = Release|Any CPU
		{5541CB75-EF84-4F20-BD65-24FD1DC15422}.Release|Any CPU.Build.0 = Release|Any CPU
		{7E4578D1-9543-4D06-A427-A0DE3E4CEE55}.Debug|Any CPU.ActiveCfg = Debug|Any CPU
		{7E4578D1-9543-4D06-A427-A0DE3E4CEE55}.Debug|Any CPU.Build.0 = Debug|Any CPU
		{7E4578D1-9543-4D06-A427-A0DE3E4CEE55}.Release|Any CPU.ActiveCfg = Release|Any CPU
		{7E4578D1-9543-4D06-A427-A0DE3E4CEE55}.Release|Any CPU.Build.0 = Release|Any CPU
		{F35FB0F5-803C-419C-9924-39B98DF021E5}.Debug|Any CPU.ActiveCfg = Debug|Any CPU
		{F35FB0F5-803C-419C-9924-39B98DF021E5}.Debug|Any CPU.Build.0 = Debug|Any CPU
		{F35FB0F5-803C-419C-9924-39B98DF021E5}.Release|Any CPU.ActiveCfg = Release|Any CPU
		{F35FB0F5-803C-419C-9924-39B98DF021E5}.Release|Any CPU.Build.0 = Release|Any CPU
		{69C83D79-27C0-4D9E-9526-4A8665F14DB2}.Debug|Any CPU.ActiveCfg = Debug|Any CPU
		{69C83D79-27C0-4D9E-9526-4A8665F14DB2}.Debug|Any CPU.Build.0 = Debug|Any CPU
		{69C83D79-27C0-4D9E-9526-4A8665F14DB2}.Release|Any CPU.ActiveCfg = Release|Any CPU
		{69C83D79-27C0-4D9E-9526-4A8665F14DB2}.Release|Any CPU.Build.0 = Release|Any CPU
		{F4C9067F-2FC2-4080-AE8F-FD528BC56557}.Debug|Any CPU.ActiveCfg = Debug|Any CPU
		{F4C9067F-2FC2-4080-AE8F-FD528BC56557}.Debug|Any CPU.Build.0 = Debug|Any CPU
		{F4C9067F-2FC2-4080-AE8F-FD528BC56557}.Release|Any CPU.ActiveCfg = Release|Any CPU
		{F4C9067F-2FC2-4080-AE8F-FD528BC56557}.Release|Any CPU.Build.0 = Release|Any CPU
		{23D7B6CF-D8FF-4D6A-A3FE-5D36000601F3}.Debug|Any CPU.ActiveCfg = Debug|Any CPU
		{23D7B6CF-D8FF-4D6A-A3FE-5D36000601F3}.Debug|Any CPU.Build.0 = Debug|Any CPU
		{23D7B6CF-D8FF-4D6A-A3FE-5D36000601F3}.Release|Any CPU.ActiveCfg = Release|Any CPU
		{23D7B6CF-D8FF-4D6A-A3FE-5D36000601F3}.Release|Any CPU.Build.0 = Release|Any CPU
		{5D4B9716-0F78-4B2C-ACE8-2E784AF0C905}.Debug|Any CPU.ActiveCfg = Debug|Any CPU
		{5D4B9716-0F78-4B2C-ACE8-2E784AF0C905}.Debug|Any CPU.Build.0 = Debug|Any CPU
		{5D4B9716-0F78-4B2C-ACE8-2E784AF0C905}.Release|Any CPU.ActiveCfg = Release|Any CPU
		{5D4B9716-0F78-4B2C-ACE8-2E784AF0C905}.Release|Any CPU.Build.0 = Release|Any CPU
		{E98B3F06-CB87-419B-A465-1C591BC9767B}.Debug|Any CPU.ActiveCfg = Debug|Any CPU
		{E98B3F06-CB87-419B-A465-1C591BC9767B}.Debug|Any CPU.Build.0 = Debug|Any CPU
		{E98B3F06-CB87-419B-A465-1C591BC9767B}.Release|Any CPU.ActiveCfg = Release|Any CPU
		{E98B3F06-CB87-419B-A465-1C591BC9767B}.Release|Any CPU.Build.0 = Release|Any CPU
		{89F328E1-D87E-44A7-B879-8C093BE49356}.Debug|Any CPU.ActiveCfg = Debug|Any CPU
		{89F328E1-D87E-44A7-B879-8C093BE49356}.Debug|Any CPU.Build.0 = Debug|Any CPU
		{89F328E1-D87E-44A7-B879-8C093BE49356}.Release|Any CPU.ActiveCfg = Release|Any CPU
		{89F328E1-D87E-44A7-B879-8C093BE49356}.Release|Any CPU.Build.0 = Release|Any CPU
		{83D69DEB-A33C-47CA-9FFD-C31210BB186C}.Debug|Any CPU.ActiveCfg = Debug|Any CPU
		{83D69DEB-A33C-47CA-9FFD-C31210BB186C}.Debug|Any CPU.Build.0 = Debug|Any CPU
		{83D69DEB-A33C-47CA-9FFD-C31210BB186C}.Release|Any CPU.ActiveCfg = Release|Any CPU
		{83D69DEB-A33C-47CA-9FFD-C31210BB186C}.Release|Any CPU.Build.0 = Release|Any CPU
	EndGlobalSection
	GlobalSection(SolutionProperties) = preSolution
		HideSolutionNode = FALSE
	EndGlobalSection
	GlobalSection(ExtensibilityGlobals) = postSolution
		SolutionGuid = {1811A4F0-0F37-4B5E-A7AA-3F740EA91880}
	EndGlobalSection
EndGlobal
